
Microsoft Visual Studio Solution File, Format Version 12.00
# Visual Studio Version 16
VisualStudioVersion = 16.0.30320.27
MinimumVisualStudioVersion = 10.0.40219.1
Project("{9A19103F-16F7-4668-BE54-9A1E7A4F7556}") = "Core", "Core\Core.csproj", "{AC7AA89A-8C17-46D3-9DCF-260A06B052CC}"
EndProject
Project("{9A19103F-16F7-4668-BE54-9A1E7A4F7556}") = "RanseiConsole", "RanseiConsole\RanseiConsole.csproj", "{28427EFB-E508-48E9-BA4B-F99961A737D2}"
EndProject
Project("{FAE04EC0-301F-11D3-BF4B-00C04F79EFBC}") = "RanseiWpf", "RanseiWpf\RanseiWpf.csproj", "{A2E613A5-5D71-4E70-B516-55577BC2703F}"
EndProject
Global
	GlobalSection(SolutionConfigurationPlatforms) = preSolution
		Debug|Any CPU = Debug|Any CPU
		Release|Any CPU = Release|Any CPU
	EndGlobalSection
	GlobalSection(ProjectConfigurationPlatforms) = postSolution
		{AC7AA89A-8C17-46D3-9DCF-260A06B052CC}.Debug|Any CPU.ActiveCfg = Debug|Any CPU
		{AC7AA89A-8C17-46D3-9DCF-260A06B052CC}.Debug|Any CPU.Build.0 = Debug|Any CPU
		{AC7AA89A-8C17-46D3-9DCF-260A06B052CC}.Release|Any CPU.ActiveCfg = Release|Any CPU
		{AC7AA89A-8C17-46D3-9DCF-260A06B052CC}.Release|Any CPU.Build.0 = Release|Any CPU
		{28427EFB-E508-48E9-BA4B-F99961A737D2}.Debug|Any CPU.ActiveCfg = Debug|Any CPU
		{28427EFB-E508-48E9-BA4B-F99961A737D2}.Debug|Any CPU.Build.0 = Debug|Any CPU
		{28427EFB-E508-48E9-BA4B-F99961A737D2}.Release|Any CPU.ActiveCfg = Release|Any CPU
		{28427EFB-E508-48E9-BA4B-F99961A737D2}.Release|Any CPU.Build.0 = Release|Any CPU
		{A2E613A5-5D71-4E70-B516-55577BC2703F}.Debug|Any CPU.ActiveCfg = Debug|Any CPU
		{A2E613A5-5D71-4E70-B516-55577BC2703F}.Debug|Any CPU.Build.0 = Debug|Any CPU
		{A2E613A5-5D71-4E70-B516-55577BC2703F}.Release|Any CPU.ActiveCfg = Release|Any CPU
		{A2E613A5-5D71-4E70-B516-55577BC2703F}.Release|Any CPU.Build.0 = Release|Any CPU
	EndGlobalSection
	GlobalSection(SolutionProperties) = preSolution
		HideSolutionNode = FALSE
	EndGlobalSection
	GlobalSection(ExtensibilityGlobals) = postSolution
		SolutionGuid = {A0EAA867-9D8D-4241-851E-8701422504C7}
	EndGlobalSection
EndGlobal
