
Microsoft Visual Studio Solution File, Format Version 12.00
# Visual Studio Version 17
VisualStudioVersion = 17.0.31903.59
MinimumVisualStudioVersion = 10.0.40219.1
Project("{9A19103F-16F7-4668-BE54-9A1E7A4F7556}") = "RanseiLink.Core", "RanseiLink.Core\RanseiLink.Core.csproj", "{AC7AA89A-8C17-46D3-9DCF-260A06B052CC}"
EndProject
Project("{9A19103F-16F7-4668-BE54-9A1E7A4F7556}") = "RanseiLink.Console", "RanseiLink.Console\RanseiLink.Console.csproj", "{28427EFB-E508-48E9-BA4B-F99961A737D2}"
EndProject
Project("{9A19103F-16F7-4668-BE54-9A1E7A4F7556}") = "RanseiLink.Windows", "RanseiLink.Windows\RanseiLink.Windows.csproj", "{A2E613A5-5D71-4E70-B516-55577BC2703F}"
EndProject
Project("{9A19103F-16F7-4668-BE54-9A1E7A4F7556}") = "RanseiLink.WindowsTests", "RanseiLink.WindowsTests\RanseiLink.WindowsTests.csproj", "{371EB778-CD47-47E1-BB33-786679FBF944}"
EndProject
Project("{9A19103F-16F7-4668-BE54-9A1E7A4F7556}") = "RanseiLink.PluginModule", "RanseiLink.PluginModule\RanseiLink.PluginModule.csproj", "{A0B3B21C-6F24-4F2B-AA71-DBD7917A45E4}"
EndProject
Project("{9A19103F-16F7-4668-BE54-9A1E7A4F7556}") = "RandomizerPlugin", "Plugins\RandomizerPlugin\RandomizerPlugin.csproj", "{103B73E0-E090-4C5D-8459-ABE5E93190DE}"
EndProject
Project("{9A19103F-16F7-4668-BE54-9A1E7A4F7556}") = "MassActionPlugin", "Plugins\MassActionPlugin\MassActionPlugin.csproj", "{81E7A7DD-7B12-4AF3-A5E4-88CFBBA27A56}"
EndProject
Project("{9A19103F-16F7-4668-BE54-9A1E7A4F7556}") = "PartialTransferPlugin", "Plugins\PartialTransferPlugin\PartialTransferPlugin.csproj", "{E47F4FF2-23D1-41E7-83EA-40270EA989C3}"
EndProject
Project("{2150E333-8FDC-42A3-9474-1A3956D46DE8}") = "Plugins", "Plugins", "{678695B1-243E-4053-8D94-D7C45260D25D}"
EndProject
Project("{9A19103F-16F7-4668-BE54-9A1E7A4F7556}") = "SoftlockCheckerPlugin", "Plugins\SoftlockCheckerPlugin\SoftlockCheckerPlugin.csproj", "{A3BA4564-EFB2-4602-B45A-1E49CD93BBB2}"
EndProject
Project("{9A19103F-16F7-4668-BE54-9A1E7A4F7556}") = "SpriteSheetSplitterPlugin", "Plugins\SpriteSheetSplitterPlugin\SpriteSheetSplitterPlugin.csproj", "{6BDE5373-EFC2-44D2-ACB1-F3F1103C104D}"
EndProject
Project("{9A19103F-16F7-4668-BE54-9A1E7A4F7556}") = "ChangelistPlugin", "Plugins\ChangelistPlugin\ChangelistPlugin.csproj", "{A450868F-C473-496A-86EF-DFF3F0F14EA9}"
EndProject
Project("{9A19103F-16F7-4668-BE54-9A1E7A4F7556}") = "RanseiLink.ConsoleTests", "RanseiLink.ConsoleTests\RanseiLink.ConsoleTests.csproj", "{4D5D4F92-68AA-4ED6-858A-D5F5A864790C}"
EndProject
Project("{2150E333-8FDC-42A3-9474-1A3956D46DE8}") = "Tests", "Tests", "{B705FFD9-CF76-4D27-A45C-0BAE77DAFFB1}"
EndProject
Project("{9A19103F-16F7-4668-BE54-9A1E7A4F7556}") = "RanseiLink.CoreTests", "RanseiLink.CoreTests\RanseiLink.CoreTests.csproj", "{777843B1-4E57-4709-9479-9BA3311F98F4}"
EndProject
Project("{9A19103F-16F7-4668-BE54-9A1E7A4F7556}") = "DisableEventsPlugin", "Plugins\DisableEventsPlugin\DisableEventsPlugin.csproj", "{D8F12761-7B5D-4800-A4C3-A08863547B2B}"
EndProject
Project("{2150E333-8FDC-42A3-9474-1A3956D46DE8}") = "Solution Items", "Solution Items", "{29910CB7-F216-44CB-AB5E-F0C83E8875AA}"
	ProjectSection(SolutionItems) = preProject
		DEPENDENCIES.md = DEPENDENCIES.md
		gather_console_publish.ps1 = gather_console_publish.ps1
		gather_gui_publish.ps1 = gather_gui_publish.ps1
		gather_plugin_debug.ps1 = gather_plugin_debug.ps1
		gather_plugin_publish.ps1 = gather_plugin_publish.ps1
		LICENSE = LICENSE
		README.md = README.md
	EndProjectSection
EndProject
Project("{9A19103F-16F7-4668-BE54-9A1E7A4F7556}") = "RanseiLink.View3D", "RanseiLink.View3D\RanseiLink.View3D.csproj", "{53F31038-F3DA-4AA7-8804-D9ED31E150DE}"
EndProject
Project("{9A19103F-16F7-4668-BE54-9A1E7A4F7556}") = "RanseiLink.StandaloneModelViewer", "RanseiLink.StandaloneModelViewer\RanseiLink.StandaloneModelViewer.csproj", "{0DE9658D-A05E-4243-A8AB-507F80D50BC2}"
EndProject
Project("{9A19103F-16F7-4668-BE54-9A1E7A4F7556}") = "RanseiLink.XP", "RanseiLink.XP\RanseiLink.XP.csproj", "{214763BB-AB00-4658-85A2-993E45A84F2D}"
EndProject
Project("{9A19103F-16F7-4668-BE54-9A1E7A4F7556}") = "RanseiLink.Build", "build\RanseiLink.Build.csproj", "{D4E1456D-8E31-4C34-8615-56F6AB24C2D8}"
EndProject
Global
	GlobalSection(SolutionConfigurationPlatforms) = preSolution
		Debug|Any CPU = Debug|Any CPU
		Release|Any CPU = Release|Any CPU
	EndGlobalSection
	GlobalSection(ProjectConfigurationPlatforms) = postSolution
		{D4E1456D-8E31-4C34-8615-56F6AB24C2D8}.Debug|Any CPU.ActiveCfg = Debug|Any CPU
		{D4E1456D-8E31-4C34-8615-56F6AB24C2D8}.Release|Any CPU.ActiveCfg = Release|Any CPU
		{AC7AA89A-8C17-46D3-9DCF-260A06B052CC}.Debug|Any CPU.ActiveCfg = Debug|Any CPU
		{AC7AA89A-8C17-46D3-9DCF-260A06B052CC}.Debug|Any CPU.Build.0 = Debug|Any CPU
		{AC7AA89A-8C17-46D3-9DCF-260A06B052CC}.Release|Any CPU.ActiveCfg = Release|Any CPU
		{AC7AA89A-8C17-46D3-9DCF-260A06B052CC}.Release|Any CPU.Build.0 = Release|Any CPU
		{28427EFB-E508-48E9-BA4B-F99961A737D2}.Debug|Any CPU.ActiveCfg = Debug|Any CPU
		{28427EFB-E508-48E9-BA4B-F99961A737D2}.Debug|Any CPU.Build.0 = Debug|Any CPU
		{28427EFB-E508-48E9-BA4B-F99961A737D2}.Release|Any CPU.ActiveCfg = Release|Any CPU
		{28427EFB-E508-48E9-BA4B-F99961A737D2}.Release|Any CPU.Build.0 = Release|Any CPU
		{A2E613A5-5D71-4E70-B516-55577BC2703F}.Debug|Any CPU.ActiveCfg = Debug|Any CPU
		{A2E613A5-5D71-4E70-B516-55577BC2703F}.Debug|Any CPU.Build.0 = Debug|Any CPU
		{A2E613A5-5D71-4E70-B516-55577BC2703F}.Release|Any CPU.ActiveCfg = Release|Any CPU
		{A2E613A5-5D71-4E70-B516-55577BC2703F}.Release|Any CPU.Build.0 = Release|Any CPU
		{371EB778-CD47-47E1-BB33-786679FBF944}.Debug|Any CPU.ActiveCfg = Debug|Any CPU
		{371EB778-CD47-47E1-BB33-786679FBF944}.Debug|Any CPU.Build.0 = Debug|Any CPU
		{371EB778-CD47-47E1-BB33-786679FBF944}.Release|Any CPU.ActiveCfg = Release|Any CPU
		{371EB778-CD47-47E1-BB33-786679FBF944}.Release|Any CPU.Build.0 = Release|Any CPU
		{A0B3B21C-6F24-4F2B-AA71-DBD7917A45E4}.Debug|Any CPU.ActiveCfg = Debug|Any CPU
		{A0B3B21C-6F24-4F2B-AA71-DBD7917A45E4}.Debug|Any CPU.Build.0 = Debug|Any CPU
		{A0B3B21C-6F24-4F2B-AA71-DBD7917A45E4}.Release|Any CPU.ActiveCfg = Release|Any CPU
		{A0B3B21C-6F24-4F2B-AA71-DBD7917A45E4}.Release|Any CPU.Build.0 = Release|Any CPU
		{103B73E0-E090-4C5D-8459-ABE5E93190DE}.Debug|Any CPU.ActiveCfg = Debug|Any CPU
		{103B73E0-E090-4C5D-8459-ABE5E93190DE}.Debug|Any CPU.Build.0 = Debug|Any CPU
		{103B73E0-E090-4C5D-8459-ABE5E93190DE}.Release|Any CPU.ActiveCfg = Release|Any CPU
		{103B73E0-E090-4C5D-8459-ABE5E93190DE}.Release|Any CPU.Build.0 = Release|Any CPU
		{81E7A7DD-7B12-4AF3-A5E4-88CFBBA27A56}.Debug|Any CPU.ActiveCfg = Debug|Any CPU
		{81E7A7DD-7B12-4AF3-A5E4-88CFBBA27A56}.Debug|Any CPU.Build.0 = Debug|Any CPU
		{81E7A7DD-7B12-4AF3-A5E4-88CFBBA27A56}.Release|Any CPU.ActiveCfg = Release|Any CPU
		{81E7A7DD-7B12-4AF3-A5E4-88CFBBA27A56}.Release|Any CPU.Build.0 = Release|Any CPU
		{E47F4FF2-23D1-41E7-83EA-40270EA989C3}.Debug|Any CPU.ActiveCfg = Debug|Any CPU
		{E47F4FF2-23D1-41E7-83EA-40270EA989C3}.Debug|Any CPU.Build.0 = Debug|Any CPU
		{E47F4FF2-23D1-41E7-83EA-40270EA989C3}.Release|Any CPU.ActiveCfg = Release|Any CPU
		{E47F4FF2-23D1-41E7-83EA-40270EA989C3}.Release|Any CPU.Build.0 = Release|Any CPU
		{A3BA4564-EFB2-4602-B45A-1E49CD93BBB2}.Debug|Any CPU.ActiveCfg = Debug|Any CPU
		{A3BA4564-EFB2-4602-B45A-1E49CD93BBB2}.Debug|Any CPU.Build.0 = Debug|Any CPU
		{A3BA4564-EFB2-4602-B45A-1E49CD93BBB2}.Release|Any CPU.ActiveCfg = Release|Any CPU
		{A3BA4564-EFB2-4602-B45A-1E49CD93BBB2}.Release|Any CPU.Build.0 = Release|Any CPU
		{6BDE5373-EFC2-44D2-ACB1-F3F1103C104D}.Debug|Any CPU.ActiveCfg = Debug|Any CPU
		{6BDE5373-EFC2-44D2-ACB1-F3F1103C104D}.Debug|Any CPU.Build.0 = Debug|Any CPU
		{6BDE5373-EFC2-44D2-ACB1-F3F1103C104D}.Release|Any CPU.ActiveCfg = Release|Any CPU
		{6BDE5373-EFC2-44D2-ACB1-F3F1103C104D}.Release|Any CPU.Build.0 = Release|Any CPU
		{A450868F-C473-496A-86EF-DFF3F0F14EA9}.Debug|Any CPU.ActiveCfg = Debug|Any CPU
		{A450868F-C473-496A-86EF-DFF3F0F14EA9}.Debug|Any CPU.Build.0 = Debug|Any CPU
		{A450868F-C473-496A-86EF-DFF3F0F14EA9}.Release|Any CPU.ActiveCfg = Release|Any CPU
		{A450868F-C473-496A-86EF-DFF3F0F14EA9}.Release|Any CPU.Build.0 = Release|Any CPU
		{4D5D4F92-68AA-4ED6-858A-D5F5A864790C}.Debug|Any CPU.ActiveCfg = Debug|Any CPU
		{4D5D4F92-68AA-4ED6-858A-D5F5A864790C}.Debug|Any CPU.Build.0 = Debug|Any CPU
		{4D5D4F92-68AA-4ED6-858A-D5F5A864790C}.Release|Any CPU.ActiveCfg = Release|Any CPU
		{4D5D4F92-68AA-4ED6-858A-D5F5A864790C}.Release|Any CPU.Build.0 = Release|Any CPU
		{777843B1-4E57-4709-9479-9BA3311F98F4}.Debug|Any CPU.ActiveCfg = Debug|Any CPU
		{777843B1-4E57-4709-9479-9BA3311F98F4}.Debug|Any CPU.Build.0 = Debug|Any CPU
		{777843B1-4E57-4709-9479-9BA3311F98F4}.Release|Any CPU.ActiveCfg = Release|Any CPU
		{777843B1-4E57-4709-9479-9BA3311F98F4}.Release|Any CPU.Build.0 = Release|Any CPU
		{D8F12761-7B5D-4800-A4C3-A08863547B2B}.Debug|Any CPU.ActiveCfg = Debug|Any CPU
		{D8F12761-7B5D-4800-A4C3-A08863547B2B}.Debug|Any CPU.Build.0 = Debug|Any CPU
		{D8F12761-7B5D-4800-A4C3-A08863547B2B}.Release|Any CPU.ActiveCfg = Release|Any CPU
		{D8F12761-7B5D-4800-A4C3-A08863547B2B}.Release|Any CPU.Build.0 = Release|Any CPU
		{53F31038-F3DA-4AA7-8804-D9ED31E150DE}.Debug|Any CPU.ActiveCfg = Debug|Any CPU
		{53F31038-F3DA-4AA7-8804-D9ED31E150DE}.Debug|Any CPU.Build.0 = Debug|Any CPU
		{53F31038-F3DA-4AA7-8804-D9ED31E150DE}.Release|Any CPU.ActiveCfg = Release|Any CPU
		{53F31038-F3DA-4AA7-8804-D9ED31E150DE}.Release|Any CPU.Build.0 = Release|Any CPU
		{0DE9658D-A05E-4243-A8AB-507F80D50BC2}.Debug|Any CPU.ActiveCfg = Debug|Any CPU
		{0DE9658D-A05E-4243-A8AB-507F80D50BC2}.Debug|Any CPU.Build.0 = Debug|Any CPU
		{0DE9658D-A05E-4243-A8AB-507F80D50BC2}.Release|Any CPU.ActiveCfg = Release|Any CPU
		{0DE9658D-A05E-4243-A8AB-507F80D50BC2}.Release|Any CPU.Build.0 = Release|Any CPU
		{214763BB-AB00-4658-85A2-993E45A84F2D}.Debug|Any CPU.ActiveCfg = Debug|Any CPU
		{214763BB-AB00-4658-85A2-993E45A84F2D}.Debug|Any CPU.Build.0 = Debug|Any CPU
		{214763BB-AB00-4658-85A2-993E45A84F2D}.Release|Any CPU.ActiveCfg = Release|Any CPU
		{214763BB-AB00-4658-85A2-993E45A84F2D}.Release|Any CPU.Build.0 = Release|Any CPU
	EndGlobalSection
	GlobalSection(SolutionProperties) = preSolution
		HideSolutionNode = FALSE
	EndGlobalSection
	GlobalSection(NestedProjects) = preSolution
		{371EB778-CD47-47E1-BB33-786679FBF944} = {B705FFD9-CF76-4D27-A45C-0BAE77DAFFB1}
		{103B73E0-E090-4C5D-8459-ABE5E93190DE} = {678695B1-243E-4053-8D94-D7C45260D25D}
		{81E7A7DD-7B12-4AF3-A5E4-88CFBBA27A56} = {678695B1-243E-4053-8D94-D7C45260D25D}
		{E47F4FF2-23D1-41E7-83EA-40270EA989C3} = {678695B1-243E-4053-8D94-D7C45260D25D}
		{A3BA4564-EFB2-4602-B45A-1E49CD93BBB2} = {678695B1-243E-4053-8D94-D7C45260D25D}
		{6BDE5373-EFC2-44D2-ACB1-F3F1103C104D} = {678695B1-243E-4053-8D94-D7C45260D25D}
		{A450868F-C473-496A-86EF-DFF3F0F14EA9} = {678695B1-243E-4053-8D94-D7C45260D25D}
		{4D5D4F92-68AA-4ED6-858A-D5F5A864790C} = {B705FFD9-CF76-4D27-A45C-0BAE77DAFFB1}
		{777843B1-4E57-4709-9479-9BA3311F98F4} = {B705FFD9-CF76-4D27-A45C-0BAE77DAFFB1}
		{D8F12761-7B5D-4800-A4C3-A08863547B2B} = {678695B1-243E-4053-8D94-D7C45260D25D}
	EndGlobalSection
	GlobalSection(ExtensibilityGlobals) = postSolution
		SolutionGuid = {A0EAA867-9D8D-4241-851E-8701422504C7}
	EndGlobalSection
EndGlobal
